{
  "version": 4,
  "terraform_version": "1.0.6",
  "serial": 3,
  "lineage": "c6836270-f55d-1d70-2175-74fe3ac1aa6f",
  "outputs": {},
  "resources": [
    {
      "mode": "data",
      "type": "azuread_client_config",
      "name": "current",
      "provider": "provider[\"registry.terraform.io/hashicorp/azuread\"]",
      "instances": [
        {
          "schema_version": 0,
          "attributes": {
            "client_id": "04b07795-8ddb-461a-bbee-02f9e1bf7b46",
            "id": "b8b70cf8-c300-4cea-8b66-b9a969ec31f4-04b07795-8ddb-461a-bbee-02f9e1bf7b46-a9282546-4c35-4c2a-944d-e76fb2759cd7",
            "object_id": "a9282546-4c35-4c2a-944d-e76fb2759cd7",
            "tenant_id": "b8b70cf8-c300-4cea-8b66-b9a969ec31f4",
            "timeouts": null
          },
          "sensitive_attributes": []
        }
      ]
    },
    {
      "mode": "managed",
      "type": "azuread_application",
      "name": "example",
      "provider": "provider[\"registry.terraform.io/hashicorp/azuread\"]",
      "instances": [
        {
          "schema_version": 1,
          "attributes": {
            "api": [
              {
                "known_client_applications": [],
                "mapped_claims_enabled": false,
                "oauth2_permission_scope": [],
                "requested_access_token_version": 1
              }
            ],
            "app_role": [],
            "app_role_ids": {},
            "application_id": "084e534b-b49c-4cba-95d0-71abf9a0b750",
            "device_only_auth_enabled": false,
            "disabled_by_microsoft": "\u003cnil\u003e",
            "display_name": "Test App 1",
            "fallback_public_client_enabled": false,
            "feature_tags": [
              {
                "custom_single_sign_on": false,
                "enterprise": false,
                "gallery": false,
                "hide": false
              }
            ],
            "group_membership_claims": null,
            "id": "90971a23-477c-4139-861a-6694af9c0b00",
            "identifier_uris": null,
            "logo_image": "",
            "logo_url": "",
            "marketing_url": "",
            "oauth2_permission_scope_ids": {},
            "oauth2_post_response_required": false,
            "object_id": "90971a23-477c-4139-861a-6694af9c0b00",
            "optional_claims": [
              {
                "access_token": [],
                "id_token": [],
                "saml2_token": []
              }
            ],
            "owners": [
              "a9282546-4c35-4c2a-944d-e76fb2759cd7"
            ],
            "prevent_duplicate_names": false,
            "privacy_statement_url": "",
            "public_client": [
              {
                "redirect_uris": []
              }
            ],
            "publisher_domain": "kevinbasoftcat.onmicrosoft.com",
            "required_resource_access": [],
            "sign_in_audience": "AzureADMultipleOrgs",
            "single_page_application": [
              {
                "redirect_uris": []
              }
            ],
            "support_url": "",
            "tags": [],
            "template_id": "",
            "terms_of_service_url": "",
            "timeouts": null,
            "web": [
              {
                "homepage_url": "",
                "implicit_grant": [
                  {
                    "access_token_issuance_enabled": false,
                    "id_token_issuance_enabled": false
                  }
                ],
                "logout_url": "",
                "redirect_uris": []
              }
            ]
          },
          "sensitive_attributes": [],
          "private": "eyJlMmJmYjczMC1lY2FhLTExZTYtOGY4OC0zNDM2M2JjN2M0YzAiOnsiY3JlYXRlIjo2MDAwMDAwMDAwMDAsImRlbGV0ZSI6MzAwMDAwMDAwMDAwLCJyZWFkIjozMDAwMDAwMDAwMDAsInVwZGF0ZSI6NjAwMDAwMDAwMDAwfSwic2NoZW1hX3ZlcnNpb24iOiIxIn0=",
          "dependencies": [
            "data.azuread_client_config.current"
          ]
        }
      ]
    }
  ]
}
